
Microsoft Visual Studio Solution File, Format Version 12.00
# Visual Studio Version 16
VisualStudioVersion = 16.0.29728.190
MinimumVisualStudioVersion = 10.0.40219.1
Project("{FAE04EC0-301F-11D3-BF4B-00C04F79EFBC}") = "HC", "HC\HC.csproj", "{72EA62A2-691D-45D5-A6A9-1A1D295165ED}"
EndProject
Global
	GlobalSection(SolutionConfigurationPlatforms) = preSolution
		Debug|Any CPU = Debug|Any CPU
		Release|Any CPU = Release|Any CPU
	EndGlobalSection
	GlobalSection(ProjectConfigurationPlatforms) = postSolution
		{72EA62A2-691D-45D5-A6A9-1A1D295165ED}.Debug|Any CPU.ActiveCfg = Debug|Any CPU
		{72EA62A2-691D-45D5-A6A9-1A1D295165ED}.Debug|Any CPU.Build.0 = Debug|Any CPU
		{72EA62A2-691D-45D5-A6A9-1A1D295165ED}.Release|Any CPU.ActiveCfg = Release|Any CPU
		{72EA62A2-691D-45D5-A6A9-1A1D295165ED}.Release|Any CPU.Build.0 = Release|Any CPU
	EndGlobalSection
	GlobalSection(SolutionProperties) = preSolution
		HideSolutionNode = FALSE
	EndGlobalSection
	GlobalSection(ExtensibilityGlobals) = postSolution
		SolutionGuid = {5444EAD4-9A9A-4371-9DC7-8CB0E58AB06A}
	EndGlobalSection
EndGlobal
